
Microsoft Visual Studio Solution File, Format Version 12.00
# Visual Studio Version 17
VisualStudioVersion = 17.0.31903.59
MinimumVisualStudioVersion = 10.0.40219.1
Project("{FAE04EC0-301F-11D3-BF4B-00C04F79EFBC}") = "catalog-serviceAPI", "catalog-serviceAPI\catalog-serviceAPI.csproj", "{B0B6DAB9-4A60-4787-A2CD-129D7B9BF190}"
EndProject
Project("{FAE04EC0-301F-11D3-BF4B-00C04F79EFBC}") = "catalog-serviceAPI.Test", "catalog-serviceAPI.Test\catalog-serviceAPI.Test.csproj", "{78D6EBBC-51C3-4DC6-8D2B-0168219D842D}"
EndProject
Global
	GlobalSection(SolutionConfigurationPlatforms) = preSolution
		Debug|Any CPU = Debug|Any CPU
		Release|Any CPU = Release|Any CPU
	EndGlobalSection
	GlobalSection(SolutionProperties) = preSolution
		HideSolutionNode = FALSE
	EndGlobalSection
	GlobalSection(ProjectConfigurationPlatforms) = postSolution
		{B0B6DAB9-4A60-4787-A2CD-129D7B9BF190}.Debug|Any CPU.ActiveCfg = Debug|Any CPU
		{B0B6DAB9-4A60-4787-A2CD-129D7B9BF190}.Debug|Any CPU.Build.0 = Debug|Any CPU
		{B0B6DAB9-4A60-4787-A2CD-129D7B9BF190}.Release|Any CPU.ActiveCfg = Release|Any CPU
		{B0B6DAB9-4A60-4787-A2CD-129D7B9BF190}.Release|Any CPU.Build.0 = Release|Any CPU
		{78D6EBBC-51C3-4DC6-8D2B-0168219D842D}.Debug|Any CPU.ActiveCfg = Debug|Any CPU
		{78D6EBBC-51C3-4DC6-8D2B-0168219D842D}.Debug|Any CPU.Build.0 = Debug|Any CPU
		{78D6EBBC-51C3-4DC6-8D2B-0168219D842D}.Release|Any CPU.ActiveCfg = Release|Any CPU
		{78D6EBBC-51C3-4DC6-8D2B-0168219D842D}.Release|Any CPU.Build.0 = Release|Any CPU
	EndGlobalSection
EndGlobal
